
Microsoft Visual Studio Solution File, Format Version 12.00
# Visual Studio Version 16
VisualStudioVersion = 16.0.30523.141
MinimumVisualStudioVersion = 10.0.40219.1
Project("{FAE04EC0-301F-11D3-BF4B-00C04F79EFBC}") = "EjercicioLayout7", "EjercicioLayout6\EjercicioLayout7.csproj", "{126C1C8D-EB01-4230-8499-9ECED67CE434}"
EndProject
Global
	GlobalSection(SolutionConfigurationPlatforms) = preSolution
		Debug|Any CPU = Debug|Any CPU
		Release|Any CPU = Release|Any CPU
	EndGlobalSection
	GlobalSection(ProjectConfigurationPlatforms) = postSolution
		{126C1C8D-EB01-4230-8499-9ECED67CE434}.Debug|Any CPU.ActiveCfg = Debug|Any CPU
		{126C1C8D-EB01-4230-8499-9ECED67CE434}.Debug|Any CPU.Build.0 = Debug|Any CPU
		{126C1C8D-EB01-4230-8499-9ECED67CE434}.Release|Any CPU.ActiveCfg = Release|Any CPU
		{126C1C8D-EB01-4230-8499-9ECED67CE434}.Release|Any CPU.Build.0 = Release|Any CPU
	EndGlobalSection
	GlobalSection(SolutionProperties) = preSolution
		HideSolutionNode = FALSE
	EndGlobalSection
	GlobalSection(ExtensibilityGlobals) = postSolution
		SolutionGuid = {B5C4D7AD-801E-465B-A46E-293640EBEB2D}
	EndGlobalSection
EndGlobal
